
Microsoft Visual Studio Solution File, Format Version 12.00
# Visual Studio Version 17
VisualStudioVersion = 17.9.34622.214
MinimumVisualStudioVersion = 10.0.40219.1
Project("{FAE04EC0-301F-11D3-BF4B-00C04F79EFBC}") = "Homework_06", "Homework_06\Homework_06.csproj", "{ACBDF835-1C51-43EA-8538-39500EEF69CE}"
EndProject
Global
	GlobalSection(SolutionConfigurationPlatforms) = preSolution
		Debug|Any CPU = Debug|Any CPU
		Release|Any CPU = Release|Any CPU
	EndGlobalSection
	GlobalSection(ProjectConfigurationPlatforms) = postSolution
		{ACBDF835-1C51-43EA-8538-39500EEF69CE}.Debug|Any CPU.ActiveCfg = Debug|Any CPU
		{ACBDF835-1C51-43EA-8538-39500EEF69CE}.Debug|Any CPU.Build.0 = Debug|Any CPU
		{ACBDF835-1C51-43EA-8538-39500EEF69CE}.Release|Any CPU.ActiveCfg = Release|Any CPU
		{ACBDF835-1C51-43EA-8538-39500EEF69CE}.Release|Any CPU.Build.0 = Release|Any CPU
	EndGlobalSection
	GlobalSection(SolutionProperties) = preSolution
		HideSolutionNode = FALSE
	EndGlobalSection
	GlobalSection(ExtensibilityGlobals) = postSolution
		SolutionGuid = {D9A28CF7-5ECE-4A7D-B6A7-4D22F9C7A83B}
	EndGlobalSection
EndGlobal
